{
    "_meta": {
        "hash": {
            "sha256": "56c80c3b21190ac698bc8f765b006e5e79aadfdd1b9b44c58214798b72ee9259"
        },
        "pipfile-spec": 6,
        "requires": {
            "python_version": "3.7"
        },
        "sources": [
            {
                "name": "pypi",
                "url": "https://pypi.org/simple",
                "verify_ssl": true
            }
        ]
    },
    "default": {
        "altgraph": {
            "hashes": [
                "sha256:743628f2ac6a7c26f5d9223c91ed8ecbba535f506f4b6f558885a8a56a105857",
                "sha256:ebf2269361b47d97b3b88e696439f6e4cbc607c17c51feb1754f90fb79839158"
            ],
            "version": "==0.17.2"
        },
        "asyncio": {
            "hashes": [
                "sha256:83360ff8bc97980e4ff25c964c7bd3923d333d177aa4f7fb736b019f26c7cb41",
                "sha256:b62c9157d36187eca799c378e572c969f0da87cd5fc42ca372d92cdb06e7e1de",
                "sha256:c46a87b48213d7464f22d9a497b9eef8c1928b68320a2fa94240f969f6fec08c",
                "sha256:c4d18b22701821de07bd6aea8b53d21449ec0ec5680645e5317062ea21817d2d"
            ],
            "index": "pypi",
            "version": "==3.4.3"
        },
        "colorlog": {
            "hashes": [
                "sha256:af99440154a01f27c09256760ea3477982bf782721feaa345904e806879df4d8",
                "sha256:b13da382156711f7973bf7cbd1f40ea544aff51fde5dc3fb8f3fa602c321d645"
            ],
            "index": "pypi",
            "version": "==6.4.1"
        },
        "importlib-metadata": {
            "hashes": [
                "sha256:b618b6d2d5ffa2f16add5697cf57a46c76a56229b0ed1c438322e4e95645bd15",
                "sha256:f284b3e11256ad1e5d03ab86bb2ccd6f5339688ff17a4d797a0fe7df326f23b1"
            ],
            "markers": "python_version < '3.8'",
            "version": "==4.8.1"
        },
        "ipy": {
            "hashes": [
                "sha256:edeca741dea2d54aca568fa23740288c3fe86c0f3ea700344571e9ef14a7cc1a"
            ],
            "index": "pypi",
            "version": "==1.1"
        },
        "packaging": {
            "hashes": [
                "sha256:7dc96269f53a4ccec5c0670940a4281106dd0bb343f47b7471f779df49c2fbe7",
                "sha256:c86254f9220d55e31cc94d69bade760f0847da8000def4dfe1c6b872fd14ff14"
            ],
            "index": "pypi",
            "version": "==21.0"
        },
        "pathvalidate": {
            "hashes": [
                "sha256:119ba36be7e9a405d704c7b7aea4b871c757c53c9adc0ed64f40be1ed8da2781",
                "sha256:e5b2747ad557363e8f4124f0553d68878b12ecabd77bcca7e7312d5346d20262"
            ],
            "index": "pypi",
            "version": "==2.5.0"
        },
        "psutil": {
            "hashes": [
                "sha256:0066a82f7b1b37d334e68697faba68e5ad5e858279fd6351c8ca6024e8d6ba64",
                "sha256:02b8292609b1f7fcb34173b25e48d0da8667bc85f81d7476584d889c6e0f2131",
                "sha256:0ae6f386d8d297177fd288be6e8d1afc05966878704dad9847719650e44fc49c",
                "sha256:0c9ccb99ab76025f2f0bbecf341d4656e9c1351db8cc8a03ccd62e318ab4b5c6",
                "sha256:0dd4465a039d343925cdc29023bb6960ccf4e74a65ad53e768403746a9207023",
                "sha256:12d844996d6c2b1d3881cfa6fa201fd635971869a9da945cf6756105af73d2df",
                "sha256:1bff0d07e76114ec24ee32e7f7f8d0c4b0514b3fae93e3d2aaafd65d22502394",
                "sha256:245b5509968ac0bd179287d91210cd3f37add77dad385ef238b275bad35fa1c4",
                "sha256:28ff7c95293ae74bf1ca1a79e8805fcde005c18a122ca983abf676ea3466362b",
                "sha256:36b3b6c9e2a34b7d7fbae330a85bf72c30b1c827a4366a07443fc4b6270449e2",
                "sha256:52de075468cd394ac98c66f9ca33b2f54ae1d9bff1ef6b67a212ee8f639ec06d",
                "sha256:5da29e394bdedd9144c7331192e20c1f79283fb03b06e6abd3a8ae45ffecee65",
                "sha256:61f05864b42fedc0771d6d8e49c35f07efd209ade09a5afe6a5059e7bb7bf83d",
                "sha256:6223d07a1ae93f86451d0198a0c361032c4c93ebd4bf6d25e2fb3edfad9571ef",
                "sha256:6323d5d845c2785efb20aded4726636546b26d3b577aded22492908f7c1bdda7",
                "sha256:6ffe81843131ee0ffa02c317186ed1e759a145267d54fdef1bc4ea5f5931ab60",
                "sha256:74f2d0be88db96ada78756cb3a3e1b107ce8ab79f65aa885f76d7664e56928f6",
                "sha256:74fb2557d1430fff18ff0d72613c5ca30c45cdbfcddd6a5773e9fc1fe9364be8",
                "sha256:90d4091c2d30ddd0a03e0b97e6a33a48628469b99585e2ad6bf21f17423b112b",
                "sha256:90f31c34d25b1b3ed6c40cdd34ff122b1887a825297c017e4cbd6796dd8b672d",
                "sha256:99de3e8739258b3c3e8669cb9757c9a861b2a25ad0955f8e53ac662d66de61ac",
                "sha256:c6a5fd10ce6b6344e616cf01cc5b849fa8103fbb5ba507b6b2dee4c11e84c935",
                "sha256:ce8b867423291cb65cfc6d9c4955ee9bfc1e21fe03bb50e177f2b957f1c2469d",
                "sha256:d225cd8319aa1d3c85bf195c4e07d17d3cd68636b8fc97e6cf198f782f99af28",
                "sha256:ea313bb02e5e25224e518e4352af4bf5e062755160f77e4b1767dd5ccb65f876",
                "sha256:ea372bcc129394485824ae3e3ddabe67dc0b118d262c568b4d2602a7070afdb0",
                "sha256:f4634b033faf0d968bb9220dd1c793b897ab7f1189956e1aa9eae752527127d3",
                "sha256:fcc01e900c1d7bee2a37e5d6e4f9194760a93597c97fee89c4ae51701de03563"
            ],
            "index": "pypi",
            "version": "==5.8.0"
        },
        "pyinstaller": {
            "hashes": [
                "sha256:30733baaf8971902286a0ddf77e5499ac5f7bf8e7c39163e83d4f8c696ef265e",
                "sha256:4d848cd782ee0893d7ad9fe2bfe535206a79f0b6760cecc5f2add831258b9322",
                "sha256:8f747b190e6ad30e2d2fd5da9a64636f61aac8c038c0b7f685efa92c782ea14f",
                "sha256:aae456205c68355f9597411090576bb31b614e53976b4c102d072bbe5db8392a",
                "sha256:c587da8f521a7ce1b9efb4e3d0117cd63c92dc6cedff24590aeef89372f53012",
                "sha256:ecc2baadeeefd2b6fbf39d13c65d4aa603afdda1c6aaaebc4577ba72893fee9e",
                "sha256:fed9f5e4802769a416a8f2ca171c6be961d1861cc05a0b71d20dfe05423137e9"
            ],
            "index": "pypi",
            "version": "==4.5.1"
        },
        "pyinstaller-hooks-contrib": {
            "hashes": [
                "sha256:169b09802a19f83593114821d6ba0416a05c7071ef0ca394f7bfb7e2c0c916c8",
                "sha256:a52bc3834281266bbf77239cfc9521923336ca622f44f90924546ed6c6d3ad5e"
            ],
            "version": "==2021.3"
        },
        "pypakparser": {
            "hashes": [
                "sha256:69a4fbcafb52ea2050c4cac70741553d238d3721d33b4c0871446252848c432e",
                "sha256:ea7cbc3116c092a2cae92c2232dd931c4834b1fd7c838c84ae75e306310185d8"
            ],
            "index": "pypi",
            "version": "==1.2.0"
        },
        "pyparsing": {
            "hashes": [
                "sha256:c203ec8783bf771a155b207279b9bccb8dea02d8f0c9e5f8ead507bc3246ecc1",
                "sha256:ef9d7589ef3c200abe66653d3f1ab1033c3c419ae9b9bdb1240a85b024efc88b"
            ],
            "markers": "python_version >= '2.6' and python_version not in '3.0, 3.1, 3.2'",
            "version": "==2.4.7"
        },
        "tornado": {
            "hashes": [
                "sha256:0a00ff4561e2929a2c37ce706cb8233b7907e0cdc22eab98888aca5dd3775feb",
                "sha256:0d321a39c36e5f2c4ff12b4ed58d41390460f798422c4504e09eb5678e09998c",
                "sha256:1e8225a1070cd8eec59a996c43229fe8f95689cb16e552d130b9793cb570a288",
                "sha256:20241b3cb4f425e971cb0a8e4ffc9b0a861530ae3c52f2b0434e6c1b57e9fd95",
                "sha256:25ad220258349a12ae87ede08a7b04aca51237721f63b1808d39bdb4b2164558",
                "sha256:33892118b165401f291070100d6d09359ca74addda679b60390b09f8ef325ffe",
                "sha256:33c6e81d7bd55b468d2e793517c909b139960b6c790a60b7991b9b6b76fb9791",
                "sha256:3447475585bae2e77ecb832fc0300c3695516a47d46cefa0528181a34c5b9d3d",
                "sha256:34ca2dac9e4d7afb0bed4677512e36a52f09caa6fded70b4e3e1c89dbd92c326",
                "sha256:3e63498f680547ed24d2c71e6497f24bca791aca2fe116dbc2bd0ac7f191691b",
                "sha256:548430be2740e327b3fe0201abe471f314741efcb0067ec4f2d7dcfb4825f3e4",
                "sha256:6196a5c39286cc37c024cd78834fb9345e464525d8991c21e908cc046d1cc02c",
                "sha256:61b32d06ae8a036a6607805e6720ef00a3c98207038444ba7fd3d169cd998910",
                "sha256:6286efab1ed6e74b7028327365cf7346b1d777d63ab30e21a0f4d5b275fc17d5",
                "sha256:65d98939f1a2e74b58839f8c4dab3b6b3c1ce84972ae712be02845e65391ac7c",
                "sha256:66324e4e1beede9ac79e60f88de548da58b1f8ab4b2f1354d8375774f997e6c0",
                "sha256:6c77c9937962577a6a76917845d06af6ab9197702a42e1346d8ae2e76b5e3675",
                "sha256:70dec29e8ac485dbf57481baee40781c63e381bebea080991893cd297742b8fd",
                "sha256:7250a3fa399f08ec9cb3f7b1b987955d17e044f1ade821b32e5f435130250d7f",
                "sha256:748290bf9112b581c525e6e6d3820621ff020ed95af6f17fedef416b27ed564c",
                "sha256:7da13da6f985aab7f6f28debab00c67ff9cbacd588e8477034c0652ac141feea",
                "sha256:8f959b26f2634a091bb42241c3ed8d3cedb506e7c27b8dd5c7b9f745318ddbb6",
                "sha256:9de9e5188a782be6b1ce866e8a51bc76a0fbaa0e16613823fc38e4fc2556ad05",
                "sha256:a48900ecea1cbb71b8c71c620dee15b62f85f7c14189bdeee54966fbd9a0c5bd",
                "sha256:b87936fd2c317b6ee08a5741ea06b9d11a6074ef4cc42e031bc6403f82a32575",
                "sha256:c77da1263aa361938476f04c4b6c8916001b90b2c2fdd92d8d535e1af48fba5a",
                "sha256:cb5ec8eead331e3bb4ce8066cf06d2dfef1bfb1b2a73082dfe8a161301b76e37",
                "sha256:cc0ee35043162abbf717b7df924597ade8e5395e7b66d18270116f8745ceb795",
                "sha256:d14d30e7f46a0476efb0deb5b61343b1526f73ebb5ed84f23dc794bdb88f9d9f",
                "sha256:d371e811d6b156d82aa5f9a4e08b58debf97c302a35714f6f45e35139c332e32",
                "sha256:d3d20ea5782ba63ed13bc2b8c291a053c8d807a8fa927d941bd718468f7b950c",
                "sha256:d3f7594930c423fd9f5d1a76bee85a2c36fd8b4b16921cae7e965f22575e9c01",
                "sha256:dcef026f608f678c118779cd6591c8af6e9b4155c44e0d1bc0c87c036fb8c8c4",
                "sha256:e0791ac58d91ac58f694d8d2957884df8e4e2f6687cdf367ef7eb7497f79eaa2",
                "sha256:e385b637ac3acaae8022e7e47dfa7b83d3620e432e3ecb9a3f7f58f150e50921",
                "sha256:e519d64089b0876c7b467274468709dadf11e41d65f63bba207e04217f47c085",
                "sha256:e7229e60ac41a1202444497ddde70a48d33909e484f96eb0da9baf8dc68541df",
                "sha256:ed3ad863b1b40cd1d4bd21e7498329ccaece75db5a5bf58cd3c9f130843e7102",
                "sha256:f0ba29bafd8e7e22920567ce0d232c26d4d47c8b5cf4ed7b562b5db39fa199c5",
                "sha256:fa2ba70284fa42c2a5ecb35e322e68823288a4251f9ba9cc77be04ae15eada68",
                "sha256:fba85b6cd9c39be262fcd23865652920832b61583de2a2ca907dbd8e8a8c81e5"
            ],
            "index": "pypi",
            "version": "==6.1"
        },
        "typing-extensions": {
            "hashes": [
                "sha256:49f75d16ff11f1cd258e1b988ccff82a3ca5570217d7ad8c5f48205dd99a677e",
                "sha256:d8226d10bc02a29bcc81df19a26e56a9647f8b0a6d4a83924139f4a8b01f17b7",
                "sha256:f1d25edafde516b146ecd0613dabcc61409817af4766fbbcfb8d1ad4ec441a34"
            ],
            "markers": "python_version < '3.8'",
            "version": "==3.10.0.2"
        },
        "watchdog": {
            "hashes": [
                "sha256:28777dbed3bbd95f9c70f461443990a36c07dbf49ae7cd69932cdd1b8fb2850c",
                "sha256:41d44ef21a77a32b55ce9bf59b75777063751f688de51098859b7c7f6466589a",
                "sha256:43bf728eb7830559f329864ab5da2302c15b2efbac24ad84ccc09949ba753c40",
                "sha256:50a7f81f99d238f72185f481b493f9de80096e046935b60ea78e1276f3d76960",
                "sha256:51af09ae937ada0e9a10cc16988ec03c649754a91526170b6839b89fc56d6acb",
                "sha256:5563b005907613430ef3d4aaac9c78600dd5704e84764cb6deda4b3d72807f09",
                "sha256:58ae842300cbfe5e62fb068c83901abe76e4f413234b7bec5446e4275eb1f9cb",
                "sha256:59767f476cd1f48531bf378f0300565d879688c82da8369ca8c52f633299523c",
                "sha256:5cf78f794c9d7bc64a626ef4f71aff88f57a7ae288e0b359a9c6ea711a41395f",
                "sha256:5f57ce4f7e498278fb2a091f39359930144a0f2f90ea8cbf4523c4e25de34028",
                "sha256:6f3ad1d973fe8fc8fe64ba38f6a934b74346342fa98ef08ad5da361a05d46044",
                "sha256:78b1514067ff4089f4dac930b043a142997a5b98553120919005e97fbaba6546",
                "sha256:814d396859c95598f7576d15bc257c3bd3ba61fa4bc1db7dfc18f09070ded7da",
                "sha256:8874d5ad6b7f43b18935d9b0183e29727a623a216693d6938d07dfd411ba462f",
                "sha256:8b74d0d92a69a7ab5f101f9fe74e44ba017be269efa824337366ccbb4effde85",
                "sha256:9391003635aa783957b9b11175d9802d3272ed67e69ef2e3394c0b6d9d24fa9a",
                "sha256:a2888a788893c4ef7e562861ec5433875b7915f930a5a7ed3d32c048158f1be5",
                "sha256:a7053d4d22dc95c5e0c90aeeae1e4ed5269d2f04001798eec43a654a03008d22",
                "sha256:b0cc7d8b7d60da6c313779d85903ce39a63d89d866014b085f720a083d5f3e9a",
                "sha256:e40e33a4889382824846b4baa05634e1365b47c6fa40071dc2d06b4d7c715fc1",
                "sha256:e60d3bb7166b7cb830b86938d1eb0e6cfe23dfd634cce05c128f8f9967895193",
                "sha256:eab14adfc417c2c983fbcb2c73ef3f28ba6990d1fff45d1180bf7e38bda0d98d",
                "sha256:ed4ca4351cd2bb0d863ee737a2011ca44d8d8be19b43509bd4507f8a449b376b"
            ],
            "index": "pypi",
            "version": "==2.1.5"
        },
        "zipp": {
            "hashes": [
                "sha256:71c644c5369f4a6e07636f0aa966270449561fcea2e3d6747b8d23efaa9d7832",
                "sha256:9fe5ea21568a0a70e50f273397638d39b03353731e6cbbb3fd8502a33fec40bc"
            ],
            "markers": "python_version >= '3.6'",
            "version": "==3.6.0"
        }
    },
    "develop": {
        "astroid": {
            "hashes": [
                "sha256:dcc06f6165f415220013801642bd6c9808a02967070919c4b746c6864c205471",
                "sha256:fe81f80c0b35264acb5653302ffbd935d394f1775c5e4487df745bf9c2442708"
            ],
            "markers": "python_version ~= '3.6'",
            "version": "==2.8.0"
        },
        "autopep8": {
            "hashes": [
                "sha256:276ced7e9e3cb22e5d7c14748384a5cf5d9002257c0ed50c0e075b68011bb6d0",
                "sha256:aa213493c30dcdac99537249ee65b24af0b2c29f2e83cd8b3f68760441ed0db9"
            ],
            "index": "pypi",
            "version": "==1.5.7"
        },
        "isort": {
            "hashes": [
                "sha256:9c2ea1e62d871267b78307fe511c0838ba0da28698c5732d54e2790bf3ba9899",
                "sha256:e17d6e2b81095c9db0a03a8025a957f334d6ea30b26f9ec70805411e5c7c81f2"
            ],
            "markers": "python_full_version >= '3.6.1' and python_version < '4.0'",
            "version": "==5.9.3"
        },
        "lazy-object-proxy": {
            "hashes": [
                "sha256:17e0967ba374fc24141738c69736da90e94419338fd4c7c7bef01ee26b339653",
                "sha256:1fee665d2638491f4d6e55bd483e15ef21f6c8c2095f235fef72601021e64f61",
                "sha256:22ddd618cefe54305df49e4c069fa65715be4ad0e78e8d252a33debf00f6ede2",
                "sha256:24a5045889cc2729033b3e604d496c2b6f588c754f7a62027ad4437a7ecc4837",
                "sha256:410283732af311b51b837894fa2f24f2c0039aa7f220135192b38fcc42bd43d3",
                "sha256:4732c765372bd78a2d6b2150a6e99d00a78ec963375f236979c0626b97ed8e43",
                "sha256:489000d368377571c6f982fba6497f2aa13c6d1facc40660963da62f5c379726",
                "sha256:4f60460e9f1eb632584c9685bccea152f4ac2130e299784dbaf9fae9f49891b3",
                "sha256:5743a5ab42ae40caa8421b320ebf3a998f89c85cdc8376d6b2e00bd12bd1b587",
                "sha256:85fb7608121fd5621cc4377a8961d0b32ccf84a7285b4f1d21988b2eae2868e8",
                "sha256:9698110e36e2df951c7c36b6729e96429c9c32b3331989ef19976592c5f3c77a",
                "sha256:9d397bf41caad3f489e10774667310d73cb9c4258e9aed94b9ec734b34b495fd",
                "sha256:b579f8acbf2bdd9ea200b1d5dea36abd93cabf56cf626ab9c744a432e15c815f",
                "sha256:b865b01a2e7f96db0c5d12cfea590f98d8c5ba64ad222300d93ce6ff9138bcad",
                "sha256:bf34e368e8dd976423396555078def5cfc3039ebc6fc06d1ae2c5a65eebbcde4",
                "sha256:c6938967f8528b3668622a9ed3b31d145fab161a32f5891ea7b84f6b790be05b",
                "sha256:d1c2676e3d840852a2de7c7d5d76407c772927addff8d742b9808fe0afccebdf",
                "sha256:d7124f52f3bd259f510651450e18e0fd081ed82f3c08541dffc7b94b883aa981",
                "sha256:d900d949b707778696fdf01036f58c9876a0d8bfe116e8d220cfd4b15f14e741",
                "sha256:ebfd274dcd5133e0afae738e6d9da4323c3eb021b3e13052d8cbd0e457b1256e",
                "sha256:ed361bb83436f117f9917d282a456f9e5009ea12fd6de8742d1a4752c3017e93",
                "sha256:f5144c75445ae3ca2057faac03fda5a902eff196702b0a24daf1d6ce0650514b"
            ],
            "markers": "python_version >= '2.7' and python_version not in '3.0, 3.1, 3.2, 3.3, 3.4, 3.5'",
            "version": "==1.6.0"
        },
        "mccabe": {
            "hashes": [
                "sha256:ab8a6258860da4b6677da4bd2fe5dc2c659cff31b3ee4f7f5d64e79735b80d42",
                "sha256:dd8d182285a0fe56bace7f45b5e7d1a6ebcbf524e8f3bd87eb0f125271b8831f"
            ],
            "version": "==0.6.1"
        },
        "platformdirs": {
            "hashes": [
                "sha256:367a5e80b3d04d2428ffa76d33f124cf11e8fff2acdaa9b43d545f5c7d661ef2",
                "sha256:8868bbe3c3c80d42f20156f22e7131d2fb321f5bc86a2a345375c6481a67021d"
            ],
            "markers": "python_version >= '3.6'",
            "version": "==2.4.0"
        },
        "pycodestyle": {
            "hashes": [
                "sha256:514f76d918fcc0b55c6680472f0a37970994e07bbb80725808c17089be302068",
                "sha256:c389c1d06bf7904078ca03399a4816f974a1d590090fecea0c63ec26ebaf1cef"
            ],
            "markers": "python_version >= '2.7' and python_version not in '3.0, 3.1, 3.2, 3.3'",
            "version": "==2.7.0"
        },
        "pylint": {
            "hashes": [
                "sha256:0f358e221c45cbd4dad2a1e4b883e75d28acdcccd29d40c76eb72b307269b126",
                "sha256:2c9843fff1a88ca0ad98a256806c82c5a8f86086e7ccbdb93297d86c3f90c436"
            ],
            "index": "pypi",
            "version": "==2.11.1"
        },
        "pywin32-ctypes": {
            "hashes": [
                "sha256:24ffc3b341d457d48e8922352130cf2644024a4ff09762a2261fd34c36ee5942",
                "sha256:9dc2d991b3479cc2df15930958b674a48a227d5361d413827a4cfd0b5876fc98"
            ],
            "index": "pypi",
            "version": "==0.2.0"
        },
        "toml": {
            "hashes": [
                "sha256:806143ae5bfb6a3c6e736a764057db0e6a0e05e338b5630894a5f779cabb4f9b",
                "sha256:b3bda1d108d5dd99f4a20d24d9c348e91c4db7ab1b749200bded2f839ccbe68f"
            ],
            "markers": "python_version >= '2.6' and python_version not in '3.0, 3.1, 3.2'",
            "version": "==0.10.2"
        },
        "typed-ast": {
            "hashes": [
                "sha256:01ae5f73431d21eead5015997ab41afa53aa1fbe252f9da060be5dad2c730ace",
                "sha256:067a74454df670dcaa4e59349a2e5c81e567d8d65458d480a5b3dfecec08c5ff",
                "sha256:0fb71b8c643187d7492c1f8352f2c15b4c4af3f6338f21681d3681b3dc31a266",
                "sha256:1b3ead4a96c9101bef08f9f7d1217c096f31667617b58de957f690c92378b528",
                "sha256:2068531575a125b87a41802130fa7e29f26c09a2833fea68d9a40cf33902eba6",
                "sha256:209596a4ec71d990d71d5e0d312ac935d86930e6eecff6ccc7007fe54d703808",
                "sha256:2c726c276d09fc5c414693a2de063f521052d9ea7c240ce553316f70656c84d4",
                "sha256:398e44cd480f4d2b7ee8d98385ca104e35c81525dd98c519acff1b79bdaac363",
                "sha256:52b1eb8c83f178ab787f3a4283f68258525f8d70f778a2f6dd54d3b5e5fb4341",
                "sha256:5feca99c17af94057417d744607b82dd0a664fd5e4ca98061480fd8b14b18d04",
                "sha256:7538e495704e2ccda9b234b82423a4038f324f3a10c43bc088a1636180f11a41",
                "sha256:760ad187b1041a154f0e4d0f6aae3e40fdb51d6de16e5c99aedadd9246450e9e",
                "sha256:777a26c84bea6cd934422ac2e3b78863a37017618b6e5c08f92ef69853e765d3",
                "sha256:95431a26309a21874005845c21118c83991c63ea800dd44843e42a916aec5899",
                "sha256:9ad2c92ec681e02baf81fdfa056fe0d818645efa9af1f1cd5fd6f1bd2bdfd805",
                "sha256:9c6d1a54552b5330bc657b7ef0eae25d00ba7ffe85d9ea8ae6540d2197a3788c",
                "sha256:aee0c1256be6c07bd3e1263ff920c325b59849dc95392a05f258bb9b259cf39c",
                "sha256:af3d4a73793725138d6b334d9d247ce7e5f084d96284ed23f22ee626a7b88e39",
                "sha256:b36b4f3920103a25e1d5d024d155c504080959582b928e91cb608a65c3a49e1a",
                "sha256:b9574c6f03f685070d859e75c7f9eeca02d6933273b5e69572e5ff9d5e3931c3",
                "sha256:bff6ad71c81b3bba8fa35f0f1921fb24ff4476235a6e94a26ada2e54370e6da7",
                "sha256:c190f0899e9f9f8b6b7863debfb739abcb21a5c054f911ca3596d12b8a4c4c7f",
                "sha256:c907f561b1e83e93fad565bac5ba9c22d96a54e7ea0267c708bffe863cbe4075",
                "sha256:cae53c389825d3b46fb37538441f75d6aecc4174f615d048321b716df2757fb0",
                "sha256:dd4a21253f42b8d2b48410cb31fe501d32f8b9fbeb1f55063ad102fe9c425e40",
                "sha256:dde816ca9dac1d9c01dd504ea5967821606f02e510438120091b84e852367428",
                "sha256:f2362f3cb0f3172c42938946dbc5b7843c2a28aec307c49100c8b38764eb6927",
                "sha256:f328adcfebed9f11301eaedfa48e15bdece9b519fb27e6a8c01aa52a17ec31b3",
                "sha256:f8afcf15cc511ada719a88e013cec87c11aff7b91f019295eb4530f96fe5ef2f",
                "sha256:fb1bbeac803adea29cedd70781399c99138358c26d05fcbd23c13016b7f5ec65"
            ],
            "markers": "implementation_name == 'cpython' and python_version < '3.8'",
            "version": "==1.4.3"
        },
        "typing-extensions": {
            "hashes": [
                "sha256:49f75d16ff11f1cd258e1b988ccff82a3ca5570217d7ad8c5f48205dd99a677e",
                "sha256:d8226d10bc02a29bcc81df19a26e56a9647f8b0a6d4a83924139f4a8b01f17b7",
                "sha256:f1d25edafde516b146ecd0613dabcc61409817af4766fbbcfb8d1ad4ec441a34"
            ],
            "markers": "python_version < '3.8'",
            "version": "==3.10.0.2"
        },
        "wrapt": {
            "hashes": [
                "sha256:b62ffa81fb85f4332a4f609cab4ac40709470da05643a082ec1eb88e6d9b97d7"
            ],
            "version": "==1.12.1"
        }
    }
}
